{
  "name": "rn-satellites-test",
  "version": "1.0.0",
  "lockfileVersion": 1,
  "requires": true,
  "dependencies": {
    "react-native-location-satellites": {
      "version": "git+https://git@github.com/anooj1483/react-native-location-satellites.git#0d33be27b2122c6a03a2cf785b5eb26be59c60ec",
      "from": "git+https://git@github.com/anooj1483/react-native-location-satellites.git"
    }
  }
}
